// !$*UTF8*$!
{
	archiveVersion = 1;
	classes = {
	};
	objectVersion = 46;
	objects = {

/* Begin PBXBuildFile section */
		09BFC5D81F540B36004201D7 /* AppDelegate.swift in Sources */ = {isa = PBXBuildFile; fileRef = 09BFC5D71F540B36004201D7 /* AppDelegate.swift */; };
		09BFC5DA1F540B36004201D7 /* ViewController.swift in Sources */ = {isa = PBXBuildFile; fileRef = 09BFC5D91F540B36004201D7 /* ViewController.swift */; };
		09BFC5DD1F540B36004201D7 /* Main.storyboard in Resources */ = {isa = PBXBuildFile; fileRef = 09BFC5DB1F540B36004201D7 /* Main.storyboard */; };
		09BFC5DF1F540B36004201D7 /* Assets.xcassets in Resources */ = {isa = PBXBuildFile; fileRef = 09BFC5DE1F540B36004201D7 /* Assets.xcassets */; };
		09BFC5E21F540B36004201D7 /* LaunchScreen.storyboard in Resources */ = {isa = PBXBuildFile; fileRef = 09BFC5E01F540B36004201D7 /* LaunchScreen.storyboard */; };
		09BFC5ED1F540B36004201D7 /* My_First_AppTests.swift in Sources */ = {isa = PBXBuildFile; fileRef = 09BFC5EC1F540B36004201D7 /* My_First_AppTests.swift */; };
		09BFC5F81F540B36004201D7 /* My_First_AppUITests.swift in Sources */ = {isa = PBXBuildFile; fileRef = 09BFC5F71F540B36004201D7 /* My_First_AppUITests.swift */; };
		09BFC6081F54197C004201D7 /* PersonDetailViewController.swift in Sources */ = {isa = PBXBuildFile; fileRef = 09BFC6071F54197C004201D7 /* PersonDetailViewController.swift */; };
		09CAB8EA1F668E7B00DDC5F4 /* Person.swift in Sources */ = {isa = PBXBuildFile; fileRef = 09CAB8E91F668E7B00DDC5F4 /* Person.swift */; };
		09CAB8EC1F66920500DDC5F4 /* PersonTableViewCell.swift in Sources */ = {isa = PBXBuildFile; fileRef = 09CAB8EB1F66920500DDC5F4 /* PersonTableViewCell.swift */; };
		09EBEF7C1F5D6CE2008A4464 /* PersonTableViewController.swift in Sources */ = {isa = PBXBuildFile; fileRef = 09EBEF7B1F5D6CE2008A4464 /* PersonTableViewController.swift */; };
/* End PBXBuildFile section */

/* Begin PBXContainerItemProxy section */
		09BFC5E91F540B36004201D7 /* PBXContainerItemProxy */ = {
			isa = PBXContainerItemProxy;
			containerPortal = 09BFC5CC1F540B35004201D7 /* Project object */;
			proxyType = 1;
			remoteGlobalIDString = 09BFC5D31F540B35004201D7;
			remoteInfo = "My First App";
		};
		09BFC5F41F540B36004201D7 /* PBXContainerItemProxy */ = {
			isa = PBXContainerItemProxy;
			containerPortal = 09BFC5CC1F540B35004201D7 /* Project object */;
			proxyType = 1;
			remoteGlobalIDString = 09BFC5D31F540B35004201D7;
			remoteInfo = "My First App";
		};
/* End PBXContainerItemProxy section */

/* Begin PBXFileReference section */
		09BFC5D41F540B36004201D7 /* iOsContact.app */ = {isa = PBXFileReference; explicitFileType = wrapper.application; includeInIndex = 0; path = iOsContact.app; sourceTree = BUILT_PRODUCTS_DIR; };
		09BFC5D71F540B36004201D7 /* AppDelegate.swift */ = {isa = PBXFileReference; lastKnownFileType = sourcecode.swift; path = AppDelegate.swift; sourceTree = "<group>"; };
		09BFC5D91F540B36004201D7 /* ViewController.swift */ = {isa = PBXFileReference; lastKnownFileType = sourcecode.swift; path = ViewController.swift; sourceTree = "<group>"; };
		09BFC5DC1F540B36004201D7 /* Base */ = {isa = PBXFileReference; lastKnownFileType = file.storyboard; name = Base; path = Base.lproj/Main.storyboard; sourceTree = "<group>"; };
		09BFC5DE1F540B36004201D7 /* Assets.xcassets */ = {isa = PBXFileReference; lastKnownFileType = folder.assetcatalog; path = Assets.xcassets; sourceTree = "<group>"; };
		09BFC5E11F540B36004201D7 /* Base */ = {isa = PBXFileReference; lastKnownFileType = file.storyboard; name = Base; path = Base.lproj/LaunchScreen.storyboard; sourceTree = "<group>"; };
		09BFC5E31F540B36004201D7 /* Info.plist */ = {isa = PBXFileReference; lastKnownFileType = text.plist.xml; path = Info.plist; sourceTree = "<group>"; };
		09BFC5E81F540B36004201D7 /* iOsContactTests.xctest */ = {isa = PBXFileReference; explicitFileType = wrapper.cfbundle; includeInIndex = 0; path = iOsContactTests.xctest; sourceTree = BUILT_PRODUCTS_DIR; };
		09BFC5EC1F540B36004201D7 /* My_First_AppTests.swift */ = {isa = PBXFileReference; lastKnownFileType = sourcecode.swift; path = My_First_AppTests.swift; sourceTree = "<group>"; };
		09BFC5EE1F540B36004201D7 /* Info.plist */ = {isa = PBXFileReference; lastKnownFileType = text.plist.xml; path = Info.plist; sourceTree = "<group>"; };
		09BFC5F31F540B36004201D7 /* iOsContactUITests.xctest */ = {isa = PBXFileReference; explicitFileType = wrapper.cfbundle; includeInIndex = 0; path = iOsContactUITests.xctest; sourceTree = BUILT_PRODUCTS_DIR; };
		09BFC5F71F540B36004201D7 /* My_First_AppUITests.swift */ = {isa = PBXFileReference; lastKnownFileType = sourcecode.swift; path = My_First_AppUITests.swift; sourceTree = "<group>"; };
		09BFC5F91F540B36004201D7 /* Info.plist */ = {isa = PBXFileReference; lastKnownFileType = text.plist.xml; path = Info.plist; sourceTree = "<group>"; };
		09BFC6071F54197C004201D7 /* PersonDetailViewController.swift */ = {isa = PBXFileReference; fileEncoding = 4; lastKnownFileType = sourcecode.swift; path = PersonDetailViewController.swift; sourceTree = "<group>"; };
		09CAB8E91F668E7B00DDC5F4 /* Person.swift */ = {isa = PBXFileReference; fileEncoding = 4; lastKnownFileType = sourcecode.swift; path = Person.swift; sourceTree = "<group>"; };
		09CAB8EB1F66920500DDC5F4 /* PersonTableViewCell.swift */ = {isa = PBXFileReference; fileEncoding = 4; lastKnownFileType = sourcecode.swift; path = PersonTableViewCell.swift; sourceTree = "<group>"; };
		09EBEF7B1F5D6CE2008A4464 /* PersonTableViewController.swift */ = {isa = PBXFileReference; fileEncoding = 4; lastKnownFileType = sourcecode.swift; path = PersonTableViewController.swift; sourceTree = "<group>"; };
/* End PBXFileReference section */

/* Begin PBXFrameworksBuildPhase section */
		09BFC5D11F540B35004201D7 /* Frameworks */ = {
			isa = PBXFrameworksBuildPhase;
			buildActionMask = 2147483647;
			files = (
			);
			runOnlyForDeploymentPostprocessing = 0;
		};
		09BFC5E51F540B36004201D7 /* Frameworks */ = {
			isa = PBXFrameworksBuildPhase;
			buildActionMask = 2147483647;
			files = (
			);
			runOnlyForDeploymentPostprocessing = 0;
		};
		09BFC5F01F540B36004201D7 /* Frameworks */ = {
			isa = PBXFrameworksBuildPhase;
			buildActionMask = 2147483647;
			files = (
			);
			runOnlyForDeploymentPostprocessing = 0;
		};
/* End PBXFrameworksBuildPhase section */

/* Begin PBXGroup section */
		09BFC5CB1F540B35004201D7 = {
			isa = PBXGroup;
			children = (
				09BFC5D61F540B36004201D7 /* iOsContact */,
				09BFC5EB1F540B36004201D7 /* iOsContactTests */,
				09BFC5F61F540B36004201D7 /* iOsContactUITests */,
				09BFC5D51F540B36004201D7 /* Products */,
			);
			sourceTree = "<group>";
		};
		09BFC5D51F540B36004201D7 /* Products */ = {
			isa = PBXGroup;
			children = (
				09BFC5D41F540B36004201D7 /* iOsContact.app */,
				09BFC5E81F540B36004201D7 /* iOsContactTests.xctest */,
				09BFC5F31F540B36004201D7 /* iOsContactUITests.xctest */,
			);
			name = Products;
			sourceTree = "<group>";
		};
		09BFC5D61F540B36004201D7 /* iOsContact */ = {
			isa = PBXGroup;
			children = (
				09BFC5D71F540B36004201D7 /* AppDelegate.swift */,
				09BFC5DB1F540B36004201D7 /* Main.storyboard */,
				09BFC5D91F540B36004201D7 /* ViewController.swift */,
				09BFC5DE1F540B36004201D7 /* Assets.xcassets */,
				09BFC5E01F540B36004201D7 /* LaunchScreen.storyboard */,
				09BFC5E31F540B36004201D7 /* Info.plist */,
				09BFC6071F54197C004201D7 /* PersonDetailViewController.swift */,
				09EBEF7B1F5D6CE2008A4464 /* PersonTableViewController.swift */,
				09CAB8E91F668E7B00DDC5F4 /* Person.swift */,
				09CAB8EB1F66920500DDC5F4 /* PersonTableViewCell.swift */,
			);
			name = iOsContact;
			path = "My First App";
			sourceTree = "<group>";
		};
		09BFC5EB1F540B36004201D7 /* iOsContactTests */ = {
			isa = PBXGroup;
			children = (
				09BFC5EC1F540B36004201D7 /* My_First_AppTests.swift */,
				09BFC5EE1F540B36004201D7 /* Info.plist */,
			);
			name = iOsContactTests;
			path = "My First AppTests";
			sourceTree = "<group>";
		};
		09BFC5F61F540B36004201D7 /* iOsContactUITests */ = {
			isa = PBXGroup;
			children = (
				09BFC5F71F540B36004201D7 /* My_First_AppUITests.swift */,
				09BFC5F91F540B36004201D7 /* Info.plist */,
			);
			name = iOsContactUITests;
			path = "My First AppUITests";
			sourceTree = "<group>";
		};
/* End PBXGroup section */

/* Begin PBXNativeTarget section */
		09BFC5D31F540B35004201D7 /* iOsContact */ = {
			isa = PBXNativeTarget;
			buildConfigurationList = 09BFC5FC1F540B36004201D7 /* Build configuration list for PBXNativeTarget "iOsContact" */;
			buildPhases = (
				09BFC5D01F540B35004201D7 /* Sources */,
				09BFC5D11F540B35004201D7 /* Frameworks */,
				09BFC5D21F540B35004201D7 /* Resources */,
			);
			buildRules = (
			);
			dependencies = (
			);
			name = iOsContact;
			productName = "My First App";
			productReference = 09BFC5D41F540B36004201D7 /* iOsContact.app */;
			productType = "com.apple.product-type.application";
		};
		09BFC5E71F540B36004201D7 /* iOsContactTests */ = {
			isa = PBXNativeTarget;
			buildConfigurationList = 09BFC5FF1F540B36004201D7 /* Build configuration list for PBXNativeTarget "iOsContactTests" */;
			buildPhases = (
				09BFC5E41F540B36004201D7 /* Sources */,
				09BFC5E51F540B36004201D7 /* Frameworks */,
				09BFC5E61F540B36004201D7 /* Resources */,
			);
			buildRules = (
			);
			dependencies = (
				09BFC5EA1F540B36004201D7 /* PBXTargetDependency */,
			);
			name = iOsContactTests;
			productName = "My First AppTests";
			productReference = 09BFC5E81F540B36004201D7 /* iOsContactTests.xctest */;
			productType = "com.apple.product-type.bundle.unit-test";
		};
		09BFC5F21F540B36004201D7 /* iOsContactUITests */ = {
			isa = PBXNativeTarget;
			buildConfigurationList = 09BFC6021F540B36004201D7 /* Build configuration list for PBXNativeTarget "iOsContactUITests" */;
			buildPhases = (
				09BFC5EF1F540B36004201D7 /* Sources */,
				09BFC5F01F540B36004201D7 /* Frameworks */,
				09BFC5F11F540B36004201D7 /* Resources */,
			);
			buildRules = (
			);
			dependencies = (
				09BFC5F51F540B36004201D7 /* PBXTargetDependency */,
			);
			name = iOsContactUITests;
			productName = "My First AppUITests";
			productReference = 09BFC5F31F540B36004201D7 /* iOsContactUITests.xctest */;
			productType = "com.apple.product-type.bundle.ui-testing";
		};
/* End PBXNativeTarget section */

/* Begin PBXProject section */
		09BFC5CC1F540B35004201D7 /* Project object */ = {
			isa = PBXProject;
			attributes = {
				LastSwiftUpdateCheck = 0800;
				LastUpgradeCheck = 0820;
				ORGANIZATIONNAME = "Tobias Termeczky";
				TargetAttributes = {
					09BFC5D31F540B35004201D7 = {
						CreatedOnToolsVersion = 8.0;
						LastSwiftMigration = 0820;
						ProvisioningStyle = Automatic;
					};
					09BFC5E71F540B36004201D7 = {
						CreatedOnToolsVersion = 8.0;
						ProvisioningStyle = Automatic;
						TestTargetID = 09BFC5D31F540B35004201D7;
					};
					09BFC5F21F540B36004201D7 = {
						CreatedOnToolsVersion = 8.0;
						ProvisioningStyle = Automatic;
						TestTargetID = 09BFC5D31F540B35004201D7;
					};
				};
			};
			buildConfigurationList = 09BFC5CF1F540B35004201D7 /* Build configuration list for PBXProject "iOsContact" */;
			compatibilityVersion = "Xcode 3.2";
			developmentRegion = English;
			hasScannedForEncodings = 0;
			knownRegions = (
				en,
				Base,
			);
			mainGroup = 09BFC5CB1F540B35004201D7;
			productRefGroup = 09BFC5D51F540B36004201D7 /* Products */;
			projectDirPath = "";
			projectRoot = "";
			targets = (
				09BFC5D31F540B35004201D7 /* iOsContact */,
				09BFC5E71F540B36004201D7 /* iOsContactTests */,
				09BFC5F21F540B36004201D7 /* iOsContactUITests */,
			);
		};
/* End PBXProject section */

/* Begin PBXResourcesBuildPhase section */
		09BFC5D21F540B35004201D7 /* Resources */ = {
			isa = PBXResourcesBuildPhase;
			buildActionMask = 2147483647;
			files = (
				09BFC5E21F540B36004201D7 /* LaunchScreen.storyboard in Resources */,
				09BFC5DF1F540B36004201D7 /* Assets.xcassets in Resources */,
				09BFC5DD1F540B36004201D7 /* Main.storyboard in Resources */,
			);
			runOnlyForDeploymentPostprocessing = 0;
		};
		09BFC5E61F540B36004201D7 /* Resources */ = {
			isa = PBXResourcesBuildPhase;
			buildActionMask = 2147483647;
			files = (
			);
			runOnlyForDeploymentPostprocessing = 0;
		};
		09BFC5F11F540B36004201D7 /* Resources */ = {
			isa = PBXResourcesBuildPhase;
			buildActionMask = 2147483647;
			files = (
			);
			runOnlyForDeploymentPostprocessing = 0;
		};
/* End PBXResourcesBuildPhase section */

/* Begin PBXSourcesBuildPhase section */
		09BFC5D01F540B35004201D7 /* Sources */ = {
			isa = PBXSourcesBuildPhase;
			buildActionMask = 2147483647;
			files = (
				09CAB8EC1F66920500DDC5F4 /* PersonTableViewCell.swift in Sources */,
				09CAB8EA1F668E7B00DDC5F4 /* Person.swift in Sources */,
				09EBEF7C1F5D6CE2008A4464 /* PersonTableViewController.swift in Sources */,
				09BFC5DA1F540B36004201D7 /* ViewController.swift in Sources */,
				09BFC6081F54197C004201D7 /* PersonDetailViewController.swift in Sources */,
				09BFC5D81F540B36004201D7 /* AppDelegate.swift in Sources */,
			);
			runOnlyForDeploymentPostprocessing = 0;
		};
		09BFC5E41F540B36004201D7 /* Sources */ = {
			isa = PBXSourcesBuildPhase;
			buildActionMask = 2147483647;
			files = (
				09BFC5ED1F540B36004201D7 /* My_First_AppTests.swift in Sources */,
			);
			runOnlyForDeploymentPostprocessing = 0;
		};
		09BFC5EF1F540B36004201D7 /* Sources */ = {
			isa = PBXSourcesBuildPhase;
			buildActionMask = 2147483647;
			files = (
				09BFC5F81F540B36004201D7 /* My_First_AppUITests.swift in Sources */,
			);
			runOnlyForDeploymentPostprocessing = 0;
		};
/* End PBXSourcesBuildPhase section */

/* Begin PBXTargetDependency section */
		09BFC5EA1F540B36004201D7 /* PBXTargetDependency */ = {
			isa = PBXTargetDependency;
			target = 09BFC5D31F540B35004201D7 /* iOsContact */;
			targetProxy = 09BFC5E91F540B36004201D7 /* PBXContainerItemProxy */;
		};
		09BFC5F51F540B36004201D7 /* PBXTargetDependency */ = {
			isa = PBXTargetDependency;
			target = 09BFC5D31F540B35004201D7 /* iOsContact */;
			targetProxy = 09BFC5F41F540B36004201D7 /* PBXContainerItemProxy */;
		};
/* End PBXTargetDependency section */

/* Begin PBXVariantGroup section */
		09BFC5DB1F540B36004201D7 /* Main.storyboard */ = {
			isa = PBXVariantGroup;
			children = (
				09BFC5DC1F540B36004201D7 /* Base */,
			);
			name = Main.storyboard;
			sourceTree = "<group>";
		};
		09BFC5E01F540B36004201D7 /* LaunchScreen.storyboard */ = {
			isa = PBXVariantGroup;
			children = (
				09BFC5E11F540B36004201D7 /* Base */,
			);
			name = LaunchScreen.storyboard;
			sourceTree = "<group>";
		};
/* End PBXVariantGroup section */

/* Begin XCBuildConfiguration section */
		09BFC5FA1F540B36004201D7 /* Debug */ = {
			isa = XCBuildConfiguration;
			buildSettings = {
				ALWAYS_SEARCH_USER_PATHS = NO;
				CLANG_ANALYZER_NONNULL = YES;
				CLANG_CXX_LANGUAGE_STANDARD = "gnu++0x";
				CLANG_CXX_LIBRARY = "libc++";
				CLANG_ENABLE_MODULES = YES;
				CLANG_ENABLE_OBJC_ARC = YES;
				CLANG_WARN_BOOL_CONVERSION = YES;
				CLANG_WARN_CONSTANT_CONVERSION = YES;
				CLANG_WARN_DIRECT_OBJC_ISA_USAGE = YES_ERROR;
				CLANG_WARN_DOCUMENTATION_COMMENTS = YES;
				CLANG_WARN_EMPTY_BODY = YES;
				CLANG_WARN_ENUM_CONVERSION = YES;
				CLANG_WARN_INFINITE_RECURSION = YES;
				CLANG_WARN_INT_CONVERSION = YES;
				CLANG_WARN_OBJC_ROOT_CLASS = YES_ERROR;
				CLANG_WARN_SUSPICIOUS_MOVE = YES;
				CLANG_WARN_SUSPICIOUS_MOVES = YES;
				CLANG_WARN_UNREACHABLE_CODE = YES;
				CLANG_WARN__DUPLICATE_METHOD_MATCH = YES;
				"CODE_SIGN_IDENTITY[sdk=iphoneos*]" = "iPhone Developer";
				COPY_PHASE_STRIP = NO;
				DEBUG_INFORMATION_FORMAT = dwarf;
				ENABLE_STRICT_OBJC_MSGSEND = YES;
				ENABLE_TESTABILITY = YES;
				GCC_C_LANGUAGE_STANDARD = gnu99;
				GCC_DYNAMIC_NO_PIC = NO;
				GCC_NO_COMMON_BLOCKS = YES;
				GCC_OPTIMIZATION_LEVEL = 0;
				GCC_PREPROCESSOR_DEFINITIONS = (
					"DEBUG=1",
					"$(inherited)",
				);
				GCC_WARN_64_TO_32_BIT_CONVERSION = YES;
				GCC_WARN_ABOUT_RETURN_TYPE = YES_ERROR;
				GCC_WARN_UNDECLARED_SELECTOR = YES;
				GCC_WARN_UNINITIALIZED_AUTOS = YES_AGGRESSIVE;
				GCC_WARN_UNUSED_FUNCTION = YES;
				GCC_WARN_UNUSED_VARIABLE = YES;
				IPHONEOS_DEPLOYMENT_TARGET = 10.0;
				MTL_ENABLE_DEBUG_INFO = YES;
				ONLY_ACTIVE_ARCH = YES;
				SDKROOT = iphoneos;
				SWIFT_ACTIVE_COMPILATION_CONDITIONS = DEBUG;
				SWIFT_OPTIMIZATION_LEVEL = "-Onone";
				TARGETED_DEVICE_FAMILY = "1,2";
			};
			name = Debug;
		};
		09BFC5FB1F540B36004201D7 /* Release */ = {
			isa = XCBuildConfiguration;
			buildSettings = {
				ALWAYS_SEARCH_USER_PATHS = NO;
				CLANG_ANALYZER_NONNULL = YES;
				CLANG_CXX_LANGUAGE_STANDARD = "gnu++0x";
				CLANG_CXX_LIBRARY = "libc++";
				CLANG_ENABLE_MODULES = YES;
				CLANG_ENABLE_OBJC_ARC = YES;
				CLANG_WARN_BOOL_CONVERSION = YES;
				CLANG_WARN_CONSTANT_CONVERSION = YES;
				CLANG_WARN_DIRECT_OBJC_ISA_USAGE = YES_ERROR;
				CLANG_WARN_DOCUMENTATION_COMMENTS = YES;
				CLANG_WARN_EMPTY_BODY = YES;
				CLANG_WARN_ENUM_CONVERSION = YES;
				CLANG_WARN_INFINITE_RECURSION = YES;
				CLANG_WARN_INT_CONVERSION = YES;
				CLANG_WARN_OBJC_ROOT_CLASS = YES_ERROR;
				CLANG_WARN_SUSPICIOUS_MOVE = YES;
				CLANG_WARN_SUSPICIOUS_MOVES = YES;
				CLANG_WARN_UNREACHABLE_CODE = YES;
				CLANG_WARN__DUPLICATE_METHOD_MATCH = YES;
				"CODE_SIGN_IDENTITY[sdk=iphoneos*]" = "iPhone Developer";
				COPY_PHASE_STRIP = NO;
				DEBUG_INFORMATION_FORMAT = "dwarf-with-dsym";
				ENABLE_NS_ASSERTIONS = NO;
				ENABLE_STRICT_OBJC_MSGSEND = YES;
				GCC_C_LANGUAGE_STANDARD = gnu99;
				GCC_NO_COMMON_BLOCKS = YES;
				GCC_WARN_64_TO_32_BIT_CONVERSION = YES;
				GCC_WARN_ABOUT_RETURN_TYPE = YES_ERROR;
				GCC_WARN_UNDECLARED_SELECTOR = YES;
				GCC_WARN_UNINITIALIZED_AUTOS = YES_AGGRESSIVE;
				GCC_WARN_UNUSED_FUNCTION = YES;
				GCC_WARN_UNUSED_VARIABLE = YES;
				IPHONEOS_DEPLOYMENT_TARGET = 10.0;
				MTL_ENABLE_DEBUG_INFO = NO;
				SDKROOT = iphoneos;
				SWIFT_OPTIMIZATION_LEVEL = "-Owholemodule";
				TARGETED_DEVICE_FAMILY = "1,2";
				VALIDATE_PRODUCT = YES;
			};
			name = Release;
		};
		09BFC5FD1F540B36004201D7 /* Debug */ = {
			isa = XCBuildConfiguration;
			buildSettings = {
				ASSETCATALOG_COMPILER_APPICON_NAME = AppIcon;
				CLANG_ENABLE_MODULES = YES;
				INFOPLIST_FILE = "My First App/Info.plist";
				IPHONEOS_DEPLOYMENT_TARGET = 10.0;
				LD_RUNPATH_SEARCH_PATHS = "$(inherited) @executable_path/Frameworks";
				PRODUCT_BUNDLE_IDENTIFIER = "com.yzaazy.nl.My-First-App";
				PRODUCT_NAME = "$(TARGET_NAME)";
				SWIFT_OPTIMIZATION_LEVEL = "-Onone";
				SWIFT_VERSION = 3.0;
			};
			name = Debug;
		};
		09BFC5FE1F540B36004201D7 /* Release */ = {
			isa = XCBuildConfiguration;
			buildSettings = {
				ASSETCATALOG_COMPILER_APPICON_NAME = AppIcon;
				CLANG_ENABLE_MODULES = YES;
				INFOPLIST_FILE = "My First App/Info.plist";
				IPHONEOS_DEPLOYMENT_TARGET = 10.0;
				LD_RUNPATH_SEARCH_PATHS = "$(inherited) @executable_path/Frameworks";
				PRODUCT_BUNDLE_IDENTIFIER = "com.yzaazy.nl.My-First-App";
				PRODUCT_NAME = "$(TARGET_NAME)";
				SWIFT_VERSION = 3.0;
			};
			name = Release;
		};
		09BFC6001F540B36004201D7 /* Debug */ = {
			isa = XCBuildConfiguration;
			buildSettings = {
				ALWAYS_EMBED_SWIFT_STANDARD_LIBRARIES = YES;
				BUNDLE_LOADER = "$(TEST_HOST)";
				INFOPLIST_FILE = "My First AppTests/Info.plist";
				LD_RUNPATH_SEARCH_PATHS = "$(inherited) @executable_path/Frameworks @loader_path/Frameworks";
				PRODUCT_BUNDLE_IDENTIFIER = "com.yzaazy.nl.My-First-AppTests";
				PRODUCT_NAME = "$(TARGET_NAME)";
				SWIFT_VERSION = 3.0;
				TEST_HOST = "$(BUILT_PRODUCTS_DIR)/iOsContact.app/iOsContact";
			};
			name = Debug;
		};
		09BFC6011F540B36004201D7 /* Release */ = {
			isa = XCBuildConfiguration;
			buildSettings = {
				ALWAYS_EMBED_SWIFT_STANDARD_LIBRARIES = YES;
				BUNDLE_LOADER = "$(TEST_HOST)";
				INFOPLIST_FILE = "My First AppTests/Info.plist";
				LD_RUNPATH_SEARCH_PATHS = "$(inherited) @executable_path/Frameworks @loader_path/Frameworks";
				PRODUCT_BUNDLE_IDENTIFIER = "com.yzaazy.nl.My-First-AppTests";
				PRODUCT_NAME = "$(TARGET_NAME)";
				SWIFT_VERSION = 3.0;
				TEST_HOST = "$(BUILT_PRODUCTS_DIR)/iOsContact.app/iOsContact";
			};
			name = Release;
		};
		09BFC6031F540B36004201D7 /* Debug */ = {
			isa = XCBuildConfiguration;
			buildSettings = {
				ALWAYS_EMBED_SWIFT_STANDARD_LIBRARIES = YES;
				INFOPLIST_FILE = "My First AppUITests/Info.plist";
				LD_RUNPATH_SEARCH_PATHS = "$(inherited) @executable_path/Frameworks @loader_path/Frameworks";
				PRODUCT_BUNDLE_IDENTIFIER = "com.yzaazy.nl.My-First-AppUITests";
				PRODUCT_NAME = "$(TARGET_NAME)";
				SWIFT_VERSION = 3.0;
				TEST_TARGET_NAME = "My First App";
			};
			name = Debug;
		};
		09BFC6041F540B36004201D7 /* Release */ = {
			isa = XCBuildConfiguration;
			buildSettings = {
				ALWAYS_EMBED_SWIFT_STANDARD_LIBRARIES = YES;
				INFOPLIST_FILE = "My First AppUITests/Info.plist";
				LD_RUNPATH_SEARCH_PATHS = "$(inherited) @executable_path/Frameworks @loader_path/Frameworks";
				PRODUCT_BUNDLE_IDENTIFIER = "com.yzaazy.nl.My-First-AppUITests";
				PRODUCT_NAME = "$(TARGET_NAME)";
				SWIFT_VERSION = 3.0;
				TEST_TARGET_NAME = "My First App";
			};
			name = Release;
		};
/* End XCBuildConfiguration section */

/* Begin XCConfigurationList section */
		09BFC5CF1F540B35004201D7 /* Build configuration list for PBXProject "iOsContact" */ = {
			isa = XCConfigurationList;
			buildConfigurations = (
				09BFC5FA1F540B36004201D7 /* Debug */,
				09BFC5FB1F540B36004201D7 /* Release */,
			);
			defaultConfigurationIsVisible = 0;
			defaultConfigurationName = Release;
		};
		09BFC5FC1F540B36004201D7 /* Build configuration list for PBXNativeTarget "iOsContact" */ = {
			isa = XCConfigurationList;
			buildConfigurations = (
				09BFC5FD1F540B36004201D7 /* Debug */,
				09BFC5FE1F540B36004201D7 /* Release */,
			);
			defaultConfigurationIsVisible = 0;
			defaultConfigurationName = Release;
		};
		09BFC5FF1F540B36004201D7 /* Build configuration list for PBXNativeTarget "iOsContactTests" */ = {
			isa = XCConfigurationList;
			buildConfigurations = (
				09BFC6001F540B36004201D7 /* Debug */,
				09BFC6011F540B36004201D7 /* Release */,
			);
			defaultConfigurationIsVisible = 0;
			defaultConfigurationName = Release;
		};
		09BFC6021F540B36004201D7 /* Build configuration list for PBXNativeTarget "iOsContactUITests" */ = {
			isa = XCConfigurationList;
			buildConfigurations = (
				09BFC6031F540B36004201D7 /* Debug */,
				09BFC6041F540B36004201D7 /* Release */,
			);
			defaultConfigurationIsVisible = 0;
			defaultConfigurationName = Release;
		};
/* End XCConfigurationList section */
	};
	rootObject = 09BFC5CC1F540B35004201D7 /* Project object */;
}
